
Microsoft Visual Studio Solution File, Format Version 12.00
# Visual Studio Version 17
VisualStudioVersion = 17.1.32328.378
MinimumVisualStudioVersion = 10.0.40219.1
Project("{9A19103F-16F7-4668-BE54-9A1E7A4F7556}") = "CsvSampleConsoleApp", "CsvSampleConsoleApp\CsvSampleConsoleApp.csproj", "{9CC3345E-3D94-4861-92CA-07A5049AA2B7}"
EndProject
Project("{9A19103F-16F7-4668-BE54-9A1E7A4F7556}") = "TinyCsv", "..\src\TinyCsv\TinyCsv.csproj", "{8BB6FA00-DB3D-4843-A4CB-E0F3F90CB405}"
EndProject
Project("{9A19103F-16F7-4668-BE54-9A1E7A4F7556}") = "TinyCsv.Extensions", "..\src\TinyCsv.Extensions\TinyCsv.Extensions.csproj", "{FC31FB74-1E7D-44B8-B46B-63EFFFCFD6E0}"
EndProject
Project("{9A19103F-16F7-4668-BE54-9A1E7A4F7556}") = "CsvSampleMinimalWebApiApp", "CsvSampleMinimalWebApiApp\CsvSampleMinimalWebApiApp.csproj", "{E4CFB9E4-561E-46F2-994D-2E4BF7195AA8}"
EndProject
Project("{9A19103F-16F7-4668-BE54-9A1E7A4F7556}") = "TinyCsv.AspNetCore", "..\src\TinyCsv.AspNetCore\TinyCsv.AspNetCore.csproj", "{FD7C11F5-5F54-4174-9453-0D916255E2B8}"
EndProject
Global
	GlobalSection(SolutionConfigurationPlatforms) = preSolution
		Debug|Any CPU = Debug|Any CPU
		Release|Any CPU = Release|Any CPU
	EndGlobalSection
	GlobalSection(ProjectConfigurationPlatforms) = postSolution
		{9CC3345E-3D94-4861-92CA-07A5049AA2B7}.Debug|Any CPU.ActiveCfg = Debug|Any CPU
		{9CC3345E-3D94-4861-92CA-07A5049AA2B7}.Debug|Any CPU.Build.0 = Debug|Any CPU
		{9CC3345E-3D94-4861-92CA-07A5049AA2B7}.Release|Any CPU.ActiveCfg = Release|Any CPU
		{9CC3345E-3D94-4861-92CA-07A5049AA2B7}.Release|Any CPU.Build.0 = Release|Any CPU
		{8BB6FA00-DB3D-4843-A4CB-E0F3F90CB405}.Debug|Any CPU.ActiveCfg = Debug|Any CPU
		{8BB6FA00-DB3D-4843-A4CB-E0F3F90CB405}.Debug|Any CPU.Build.0 = Debug|Any CPU
		{8BB6FA00-DB3D-4843-A4CB-E0F3F90CB405}.Release|Any CPU.ActiveCfg = Release|Any CPU
		{8BB6FA00-DB3D-4843-A4CB-E0F3F90CB405}.Release|Any CPU.Build.0 = Release|Any CPU
		{FC31FB74-1E7D-44B8-B46B-63EFFFCFD6E0}.Debug|Any CPU.ActiveCfg = Debug|Any CPU
		{FC31FB74-1E7D-44B8-B46B-63EFFFCFD6E0}.Debug|Any CPU.Build.0 = Debug|Any CPU
		{FC31FB74-1E7D-44B8-B46B-63EFFFCFD6E0}.Release|Any CPU.ActiveCfg = Release|Any CPU
		{FC31FB74-1E7D-44B8-B46B-63EFFFCFD6E0}.Release|Any CPU.Build.0 = Release|Any CPU
		{E4CFB9E4-561E-46F2-994D-2E4BF7195AA8}.Debug|Any CPU.ActiveCfg = Debug|Any CPU
		{E4CFB9E4-561E-46F2-994D-2E4BF7195AA8}.Debug|Any CPU.Build.0 = Debug|Any CPU
		{E4CFB9E4-561E-46F2-994D-2E4BF7195AA8}.Release|Any CPU.ActiveCfg = Release|Any CPU
		{E4CFB9E4-561E-46F2-994D-2E4BF7195AA8}.Release|Any CPU.Build.0 = Release|Any CPU
		{FD7C11F5-5F54-4174-9453-0D916255E2B8}.Debug|Any CPU.ActiveCfg = Debug|Any CPU
		{FD7C11F5-5F54-4174-9453-0D916255E2B8}.Debug|Any CPU.Build.0 = Debug|Any CPU
		{FD7C11F5-5F54-4174-9453-0D916255E2B8}.Release|Any CPU.ActiveCfg = Release|Any CPU
		{FD7C11F5-5F54-4174-9453-0D916255E2B8}.Release|Any CPU.Build.0 = Release|Any CPU
	EndGlobalSection
	GlobalSection(SolutionProperties) = preSolution
		HideSolutionNode = FALSE
	EndGlobalSection
	GlobalSection(ExtensibilityGlobals) = postSolution
		SolutionGuid = {BA7FD6E1-DB02-402E-8B46-9EFE55189C99}
	EndGlobalSection
EndGlobal
