
Microsoft Visual Studio Solution File, Format Version 12.00
# Visual Studio Version 17
VisualStudioVersion = 17.1.32328.378
MinimumVisualStudioVersion = 10.0.40219.1
Project("{9A19103F-16F7-4668-BE54-9A1E7A4F7556}") = "TinyCsv", "TinyCsv\TinyCsv.csproj", "{8B01DC2C-D1A8-4211-859A-5CC362D3EBF2}"
EndProject
Project("{9A19103F-16F7-4668-BE54-9A1E7A4F7556}") = "TinyCsv.Extensions", "TinyCsv.Extensions\TinyCsv.Extensions.csproj", "{D97069EB-A9BD-446A-8E3E-553CDF978887}"
EndProject
Project("{9A19103F-16F7-4668-BE54-9A1E7A4F7556}") = "TinyCsv.AspNetCore", "TinyCsv.AspNetCore\TinyCsv.AspNetCore.csproj", "{0BBB3AD8-E153-4ADE-B0EA-F25F8C9872DE}"
EndProject
Project("{FAE04EC0-301F-11D3-BF4B-00C04F79EFBC}") = "TinyCsv.Tests", "..\tests\TinyCsv.Tests\TinyCsv.Tests.csproj", "{CE0DAFB9-6518-4ACB-943B-AB0A0EBBAC0C}"
EndProject
Global
	GlobalSection(SolutionConfigurationPlatforms) = preSolution
		Debug|Any CPU = Debug|Any CPU
		Debug|x64 = Debug|x64
		Debug|x86 = Debug|x86
		Release|Any CPU = Release|Any CPU
		Release|x64 = Release|x64
		Release|x86 = Release|x86
	EndGlobalSection
	GlobalSection(ProjectConfigurationPlatforms) = postSolution
		{8B01DC2C-D1A8-4211-859A-5CC362D3EBF2}.Debug|Any CPU.ActiveCfg = Debug|Any CPU
		{8B01DC2C-D1A8-4211-859A-5CC362D3EBF2}.Debug|Any CPU.Build.0 = Debug|Any CPU
		{8B01DC2C-D1A8-4211-859A-5CC362D3EBF2}.Debug|x64.ActiveCfg = Debug|Any CPU
		{8B01DC2C-D1A8-4211-859A-5CC362D3EBF2}.Debug|x64.Build.0 = Debug|Any CPU
		{8B01DC2C-D1A8-4211-859A-5CC362D3EBF2}.Debug|x86.ActiveCfg = Debug|Any CPU
		{8B01DC2C-D1A8-4211-859A-5CC362D3EBF2}.Debug|x86.Build.0 = Debug|Any CPU
		{8B01DC2C-D1A8-4211-859A-5CC362D3EBF2}.Release|Any CPU.ActiveCfg = Release|Any CPU
		{8B01DC2C-D1A8-4211-859A-5CC362D3EBF2}.Release|Any CPU.Build.0 = Release|Any CPU
		{8B01DC2C-D1A8-4211-859A-5CC362D3EBF2}.Release|x64.ActiveCfg = Release|Any CPU
		{8B01DC2C-D1A8-4211-859A-5CC362D3EBF2}.Release|x64.Build.0 = Release|Any CPU
		{8B01DC2C-D1A8-4211-859A-5CC362D3EBF2}.Release|x86.ActiveCfg = Release|Any CPU
		{8B01DC2C-D1A8-4211-859A-5CC362D3EBF2}.Release|x86.Build.0 = Release|Any CPU
		{D97069EB-A9BD-446A-8E3E-553CDF978887}.Debug|Any CPU.ActiveCfg = Debug|Any CPU
		{D97069EB-A9BD-446A-8E3E-553CDF978887}.Debug|Any CPU.Build.0 = Debug|Any CPU
		{D97069EB-A9BD-446A-8E3E-553CDF978887}.Debug|x64.ActiveCfg = Debug|Any CPU
		{D97069EB-A9BD-446A-8E3E-553CDF978887}.Debug|x64.Build.0 = Debug|Any CPU
		{D97069EB-A9BD-446A-8E3E-553CDF978887}.Debug|x86.ActiveCfg = Debug|Any CPU
		{D97069EB-A9BD-446A-8E3E-553CDF978887}.Debug|x86.Build.0 = Debug|Any CPU
		{D97069EB-A9BD-446A-8E3E-553CDF978887}.Release|Any CPU.ActiveCfg = Release|Any CPU
		{D97069EB-A9BD-446A-8E3E-553CDF978887}.Release|Any CPU.Build.0 = Release|Any CPU
		{D97069EB-A9BD-446A-8E3E-553CDF978887}.Release|x64.ActiveCfg = Release|Any CPU
		{D97069EB-A9BD-446A-8E3E-553CDF978887}.Release|x64.Build.0 = Release|Any CPU
		{D97069EB-A9BD-446A-8E3E-553CDF978887}.Release|x86.ActiveCfg = Release|Any CPU
		{D97069EB-A9BD-446A-8E3E-553CDF978887}.Release|x86.Build.0 = Release|Any CPU
		{0BBB3AD8-E153-4ADE-B0EA-F25F8C9872DE}.Debug|Any CPU.ActiveCfg = Debug|Any CPU
		{0BBB3AD8-E153-4ADE-B0EA-F25F8C9872DE}.Debug|Any CPU.Build.0 = Debug|Any CPU
		{0BBB3AD8-E153-4ADE-B0EA-F25F8C9872DE}.Debug|x64.ActiveCfg = Debug|Any CPU
		{0BBB3AD8-E153-4ADE-B0EA-F25F8C9872DE}.Debug|x64.Build.0 = Debug|Any CPU
		{0BBB3AD8-E153-4ADE-B0EA-F25F8C9872DE}.Debug|x86.ActiveCfg = Debug|Any CPU
		{0BBB3AD8-E153-4ADE-B0EA-F25F8C9872DE}.Debug|x86.Build.0 = Debug|Any CPU
		{0BBB3AD8-E153-4ADE-B0EA-F25F8C9872DE}.Release|Any CPU.ActiveCfg = Release|Any CPU
		{0BBB3AD8-E153-4ADE-B0EA-F25F8C9872DE}.Release|Any CPU.Build.0 = Release|Any CPU
		{0BBB3AD8-E153-4ADE-B0EA-F25F8C9872DE}.Release|x64.ActiveCfg = Release|Any CPU
		{0BBB3AD8-E153-4ADE-B0EA-F25F8C9872DE}.Release|x64.Build.0 = Release|Any CPU
		{0BBB3AD8-E153-4ADE-B0EA-F25F8C9872DE}.Release|x86.ActiveCfg = Release|Any CPU
		{0BBB3AD8-E153-4ADE-B0EA-F25F8C9872DE}.Release|x86.Build.0 = Release|Any CPU
		{CE0DAFB9-6518-4ACB-943B-AB0A0EBBAC0C}.Debug|Any CPU.ActiveCfg = Debug|Any CPU
		{CE0DAFB9-6518-4ACB-943B-AB0A0EBBAC0C}.Debug|Any CPU.Build.0 = Debug|Any CPU
		{CE0DAFB9-6518-4ACB-943B-AB0A0EBBAC0C}.Debug|x64.ActiveCfg = Debug|Any CPU
		{CE0DAFB9-6518-4ACB-943B-AB0A0EBBAC0C}.Debug|x64.Build.0 = Debug|Any CPU
		{CE0DAFB9-6518-4ACB-943B-AB0A0EBBAC0C}.Debug|x86.ActiveCfg = Debug|Any CPU
		{CE0DAFB9-6518-4ACB-943B-AB0A0EBBAC0C}.Debug|x86.Build.0 = Debug|Any CPU
		{CE0DAFB9-6518-4ACB-943B-AB0A0EBBAC0C}.Release|Any CPU.ActiveCfg = Release|Any CPU
		{CE0DAFB9-6518-4ACB-943B-AB0A0EBBAC0C}.Release|Any CPU.Build.0 = Release|Any CPU
		{CE0DAFB9-6518-4ACB-943B-AB0A0EBBAC0C}.Release|x64.ActiveCfg = Release|Any CPU
		{CE0DAFB9-6518-4ACB-943B-AB0A0EBBAC0C}.Release|x64.Build.0 = Release|Any CPU
		{CE0DAFB9-6518-4ACB-943B-AB0A0EBBAC0C}.Release|x86.ActiveCfg = Release|Any CPU
		{CE0DAFB9-6518-4ACB-943B-AB0A0EBBAC0C}.Release|x86.Build.0 = Release|Any CPU
	EndGlobalSection
	GlobalSection(SolutionProperties) = preSolution
		HideSolutionNode = FALSE
	EndGlobalSection
	GlobalSection(ExtensibilityGlobals) = postSolution
		SolutionGuid = {306B7CBA-4FB0-435E-BCA8-330BDFF87DD4}
	EndGlobalSection
EndGlobal
